
Microsoft Visual Studio Solution File, Format Version 12.00
# Visual Studio Version 16
VisualStudioVersion = 16.0.30523.141
MinimumVisualStudioVersion = 10.0.40219.1
Project("{FAE04EC0-301F-11D3-BF4B-00C04F79EFBC}") = "MVC_4", "MVC_4\MVC_4.csproj", "{5C51ECE4-1457-438A-B8DF-8036E1EB6B00}"
EndProject
Global
	GlobalSection(SolutionConfigurationPlatforms) = preSolution
		Debug|Any CPU = Debug|Any CPU
		Release|Any CPU = Release|Any CPU
	EndGlobalSection
	GlobalSection(ProjectConfigurationPlatforms) = postSolution
		{5C51ECE4-1457-438A-B8DF-8036E1EB6B00}.Debug|Any CPU.ActiveCfg = Debug|Any CPU
		{5C51ECE4-1457-438A-B8DF-8036E1EB6B00}.Debug|Any CPU.Build.0 = Debug|Any CPU
		{5C51ECE4-1457-438A-B8DF-8036E1EB6B00}.Release|Any CPU.ActiveCfg = Release|Any CPU
		{5C51ECE4-1457-438A-B8DF-8036E1EB6B00}.Release|Any CPU.Build.0 = Release|Any CPU
	EndGlobalSection
	GlobalSection(SolutionProperties) = preSolution
		HideSolutionNode = FALSE
	EndGlobalSection
	GlobalSection(ExtensibilityGlobals) = postSolution
		SolutionGuid = {747BB605-A0DA-4AEC-B099-6D1669764E6D}
	EndGlobalSection
EndGlobal
