
Microsoft Visual Studio Solution File, Format Version 12.00
# Visual Studio Version 16
VisualStudioVersion = 16.0.30523.141
MinimumVisualStudioVersion = 10.0.40219.1
Project("{FAE04EC0-301F-11D3-BF4B-00C04F79EFBC}") = "mvc_5", "mvc_5\mvc_5.csproj", "{AEDA357D-624E-4168-8D43-105E103FCB79}"
EndProject
Global
	GlobalSection(SolutionConfigurationPlatforms) = preSolution
		Debug|Any CPU = Debug|Any CPU
		Release|Any CPU = Release|Any CPU
	EndGlobalSection
	GlobalSection(ProjectConfigurationPlatforms) = postSolution
		{AEDA357D-624E-4168-8D43-105E103FCB79}.Debug|Any CPU.ActiveCfg = Debug|Any CPU
		{AEDA357D-624E-4168-8D43-105E103FCB79}.Debug|Any CPU.Build.0 = Debug|Any CPU
		{AEDA357D-624E-4168-8D43-105E103FCB79}.Release|Any CPU.ActiveCfg = Release|Any CPU
		{AEDA357D-624E-4168-8D43-105E103FCB79}.Release|Any CPU.Build.0 = Release|Any CPU
	EndGlobalSection
	GlobalSection(SolutionProperties) = preSolution
		HideSolutionNode = FALSE
	EndGlobalSection
	GlobalSection(ExtensibilityGlobals) = postSolution
		SolutionGuid = {48DD9E2D-73C4-4442-8795-0EFD53B18B03}
	EndGlobalSection
EndGlobal
