
Microsoft Visual Studio Solution File, Format Version 12.00
# Visual Studio Version 16
VisualStudioVersion = 16.0.30523.141
MinimumVisualStudioVersion = 10.0.40219.1
Project("{FAE04EC0-301F-11D3-BF4B-00C04F79EFBC}") = "MVC11", "MVC11\MVC11.csproj", "{31BCD153-A8DB-4559-9E4F-B69411F49A20}"
EndProject
Global
	GlobalSection(SolutionConfigurationPlatforms) = preSolution
		Debug|Any CPU = Debug|Any CPU
		Release|Any CPU = Release|Any CPU
	EndGlobalSection
	GlobalSection(ProjectConfigurationPlatforms) = postSolution
		{31BCD153-A8DB-4559-9E4F-B69411F49A20}.Debug|Any CPU.ActiveCfg = Debug|Any CPU
		{31BCD153-A8DB-4559-9E4F-B69411F49A20}.Debug|Any CPU.Build.0 = Debug|Any CPU
		{31BCD153-A8DB-4559-9E4F-B69411F49A20}.Release|Any CPU.ActiveCfg = Release|Any CPU
		{31BCD153-A8DB-4559-9E4F-B69411F49A20}.Release|Any CPU.Build.0 = Release|Any CPU
	EndGlobalSection
	GlobalSection(SolutionProperties) = preSolution
		HideSolutionNode = FALSE
	EndGlobalSection
	GlobalSection(ExtensibilityGlobals) = postSolution
		SolutionGuid = {D9CA7CF1-DBEC-436F-8037-DE69B3AD80A8}
	EndGlobalSection
EndGlobal
